
Microsoft Visual Studio Solution File, Format Version 12.00
# Visual Studio 15
VisualStudioVersion = 15.0.27130.2027
MinimumVisualStudioVersion = 10.0.40219.1
Project("{FAE04EC0-301F-11D3-BF4B-00C04F79EFBC}") = "JWTauthentication_dotnetcore", "JWTauthentication_dotnetcore\JWTauthentication_dotnetcore.csproj", "{95238F4E-0656-4C80-94BB-64BC696B5032}"
EndProject
Project("{E53339B2-1760-4266-BCC7-CA923CBCF16C}") = "docker-compose", "docker-compose.dcproj", "{F7690FB9-FBB5-4E1B-9544-D0EA59A95BF9}"
EndProject
Global
	GlobalSection(SolutionConfigurationPlatforms) = preSolution
		Debug|Any CPU = Debug|Any CPU
		Release|Any CPU = Release|Any CPU
	EndGlobalSection
	GlobalSection(ProjectConfigurationPlatforms) = postSolution
		{95238F4E-0656-4C80-94BB-64BC696B5032}.Debug|Any CPU.ActiveCfg = Debug|Any CPU
		{95238F4E-0656-4C80-94BB-64BC696B5032}.Debug|Any CPU.Build.0 = Debug|Any CPU
		{95238F4E-0656-4C80-94BB-64BC696B5032}.Release|Any CPU.ActiveCfg = Release|Any CPU
		{95238F4E-0656-4C80-94BB-64BC696B5032}.Release|Any CPU.Build.0 = Release|Any CPU
		{F7690FB9-FBB5-4E1B-9544-D0EA59A95BF9}.Debug|Any CPU.ActiveCfg = Debug|Any CPU
		{F7690FB9-FBB5-4E1B-9544-D0EA59A95BF9}.Debug|Any CPU.Build.0 = Debug|Any CPU
		{F7690FB9-FBB5-4E1B-9544-D0EA59A95BF9}.Release|Any CPU.ActiveCfg = Release|Any CPU
		{F7690FB9-FBB5-4E1B-9544-D0EA59A95BF9}.Release|Any CPU.Build.0 = Release|Any CPU
	EndGlobalSection
	GlobalSection(SolutionProperties) = preSolution
		HideSolutionNode = FALSE
	EndGlobalSection
	GlobalSection(ExtensibilityGlobals) = postSolution
		SolutionGuid = {0EFFF5E4-A9EF-4565-AED3-33A42EDC2C5C}
	EndGlobalSection
EndGlobal
